{
  "name": "firestarter",
  "version": "0.1.28",
  "dependencies": {
    "colors": {
      "version": "1.1.2",
      "from": "colors@latest",
      "resolved": "https://registry.npmjs.org/colors/-/colors-1.1.2.tgz"
    },
    "graceful-fs": {
      "version": "4.1.6",
      "from": "graceful-fs@^4.1.4",
      "resolved": "https://registry.npmjs.org/graceful-fs/-/graceful-fs-4.1.6.tgz"
    },
    "memwatch": {
      "version": "0.2.2",
      "from": "memwatch@git+https://github.com/ukit-network/node-memwatch.git",
      "resolved": "git+https://github.com/ukit-network/node-memwatch.git#123dd7fea41bb18d012c1450a55d39dda592f36d",
      "dependencies": {
        "bindings": {
          "version": "1.2.0",
          "from": "https://registry.npmjs.org/bindings/-/bindings-1.2.0.tgz",
          "resolved": "https://registry.npmjs.org/bindings/-/bindings-1.2.0.tgz"
        },
        "nan": {
          "version": "1.6.0",
          "from": "https://registry.npmjs.org/nan/-/nan-1.6.0.tgz",
          "resolved": "https://registry.npmjs.org/nan/-/nan-1.6.0.tgz"
        }
      }
    },
    "proxywrap": {
      "version": "0.2.0",
      "from": "proxywrap@latest",
      "resolved": "https://registry.npmjs.org/proxywrap/-/proxywrap-0.2.0.tgz"
    },
    "spdy": {
      "version": "1.32.0",
      "from": "spdy@1.32.0",
      "resolved": "https://registry.npmjs.org/spdy/-/spdy-1.32.0.tgz"
    }
  }
}
